// !$*UTF8*$!
{
	archiveVersion = 1;
	classes = {
	};
	objectVersion = 46;
	objects = {

/* Begin PBXBuildFile section */
		9D2BE9698975DD799143C3D7 /* Pods_To_Do_List.framework in Frameworks */ = {isa = PBXBuildFile; fileRef = 2ECE8CC1CA2BD415C7B7BD59 /* Pods_To_Do_List.framework */; };
		F81F772F1F485910003EE0AB /* ViewController.swift in Sources */ = {isa = PBXBuildFile; fileRef = F81F772E1F485910003EE0AB /* ViewController.swift */; };
		F81F77341F485910003EE0AB /* Assets.xcassets in Resources */ = {isa = PBXBuildFile; fileRef = F81F77331F485910003EE0AB /* Assets.xcassets */; };
		F81F774A1F485A2E003EE0AB /* AppDelegate.swift in Sources */ = {isa = PBXBuildFile; fileRef = F81F77491F485A2E003EE0AB /* AppDelegate.swift */; };
		F81F774C1F485A78003EE0AB /* Info.plist in Resources */ = {isa = PBXBuildFile; fileRef = F81F774B1F485A78003EE0AB /* Info.plist */; };
		F81F774F1F485AA1003EE0AB /* LaunchScreen.storyboard in Resources */ = {isa = PBXBuildFile; fileRef = F81F774D1F485AA1003EE0AB /* LaunchScreen.storyboard */; };
		F81F77501F485AA1003EE0AB /* Main.storyboard in Resources */ = {isa = PBXBuildFile; fileRef = F81F774E1F485AA1003EE0AB /* Main.storyboard */; };
		F891C61A1F4861E600453D41 /* DoneVC.swift in Sources */ = {isa = PBXBuildFile; fileRef = F891C6191F4861E600453D41 /* DoneVC.swift */; };
		F891C61C1F48620400453D41 /* PendingVC.swift in Sources */ = {isa = PBXBuildFile; fileRef = F891C61B1F48620400453D41 /* PendingVC.swift */; };
		F891C6261F48BCB900453D41 /* AddToDoVC.swift in Sources */ = {isa = PBXBuildFile; fileRef = F891C6251F48BCB900453D41 /* AddToDoVC.swift */; };
		F891C6281F4940B400453D41 /* Task.swift in Sources */ = {isa = PBXBuildFile; fileRef = F891C6271F4940B400453D41 /* Task.swift */; };
		F891C62E1F496E8700453D41 /* Colors.swift in Sources */ = {isa = PBXBuildFile; fileRef = F891C62D1F496E8700453D41 /* Colors.swift */; };
		F891C6301F49869500453D41 /* Extensions.swift in Sources */ = {isa = PBXBuildFile; fileRef = F891C62F1F49869500453D41 /* Extensions.swift */; };
		F891C6321F49AAF200453D41 /* GlobalFunctions.swift in Sources */ = {isa = PBXBuildFile; fileRef = F891C6311F49AAF200453D41 /* GlobalFunctions.swift */; };
/* End PBXBuildFile section */

/* Begin PBXFileReference section */
		126D2A32749CD288DB475A6F /* Pods-To-Do-List.release.xcconfig */ = {isa = PBXFileReference; includeInIndex = 1; lastKnownFileType = text.xcconfig; name = "Pods-To-Do-List.release.xcconfig"; path = "Pods/Target Support Files/Pods-To-Do-List/Pods-To-Do-List.release.xcconfig"; sourceTree = "<group>"; };
		2ECE8CC1CA2BD415C7B7BD59 /* Pods_To_Do_List.framework */ = {isa = PBXFileReference; explicitFileType = wrapper.framework; includeInIndex = 0; path = Pods_To_Do_List.framework; sourceTree = BUILT_PRODUCTS_DIR; };
		2ED5FC5C71343D225049A3A5 /* Pods-To-Do-List.debug.xcconfig */ = {isa = PBXFileReference; includeInIndex = 1; lastKnownFileType = text.xcconfig; name = "Pods-To-Do-List.debug.xcconfig"; path = "Pods/Target Support Files/Pods-To-Do-List/Pods-To-Do-List.debug.xcconfig"; sourceTree = "<group>"; };
		F81F77291F485910003EE0AB /* To-Do-List.app */ = {isa = PBXFileReference; explicitFileType = wrapper.application; includeInIndex = 0; path = "To-Do-List.app"; sourceTree = BUILT_PRODUCTS_DIR; };
		F81F772E1F485910003EE0AB /* ViewController.swift */ = {isa = PBXFileReference; lastKnownFileType = sourcecode.swift; path = ViewController.swift; sourceTree = "<group>"; };
		F81F77331F485910003EE0AB /* Assets.xcassets */ = {isa = PBXFileReference; lastKnownFileType = folder.assetcatalog; path = Assets.xcassets; sourceTree = "<group>"; };
		F81F77491F485A2E003EE0AB /* AppDelegate.swift */ = {isa = PBXFileReference; fileEncoding = 4; lastKnownFileType = sourcecode.swift; path = AppDelegate.swift; sourceTree = "<group>"; };
		F81F774B1F485A78003EE0AB /* Info.plist */ = {isa = PBXFileReference; fileEncoding = 4; lastKnownFileType = text.plist.xml; path = Info.plist; sourceTree = "<group>"; };
		F81F774D1F485AA1003EE0AB /* LaunchScreen.storyboard */ = {isa = PBXFileReference; fileEncoding = 4; lastKnownFileType = file.storyboard; path = LaunchScreen.storyboard; sourceTree = "<group>"; };
		F81F774E1F485AA1003EE0AB /* Main.storyboard */ = {isa = PBXFileReference; fileEncoding = 4; lastKnownFileType = file.storyboard; path = Main.storyboard; sourceTree = "<group>"; };
		F891C6191F4861E600453D41 /* DoneVC.swift */ = {isa = PBXFileReference; fileEncoding = 4; lastKnownFileType = sourcecode.swift; path = DoneVC.swift; sourceTree = "<group>"; };
		F891C61B1F48620400453D41 /* PendingVC.swift */ = {isa = PBXFileReference; fileEncoding = 4; lastKnownFileType = sourcecode.swift; path = PendingVC.swift; sourceTree = "<group>"; };
		F891C61E1F48779500453D41 /* To-Do-List-Bridging-Header.h */ = {isa = PBXFileReference; lastKnownFileType = sourcecode.c.h; path = "To-Do-List-Bridging-Header.h"; sourceTree = "<group>"; };
		F891C6251F48BCB900453D41 /* AddToDoVC.swift */ = {isa = PBXFileReference; fileEncoding = 4; lastKnownFileType = sourcecode.swift; path = AddToDoVC.swift; sourceTree = "<group>"; };
		F891C6271F4940B400453D41 /* Task.swift */ = {isa = PBXFileReference; fileEncoding = 4; lastKnownFileType = sourcecode.swift; path = Task.swift; sourceTree = "<group>"; };
		F891C62D1F496E8700453D41 /* Colors.swift */ = {isa = PBXFileReference; fileEncoding = 4; lastKnownFileType = sourcecode.swift; path = Colors.swift; sourceTree = "<group>"; };
		F891C62F1F49869500453D41 /* Extensions.swift */ = {isa = PBXFileReference; fileEncoding = 4; lastKnownFileType = sourcecode.swift; path = Extensions.swift; sourceTree = "<group>"; };
		F891C6311F49AAF200453D41 /* GlobalFunctions.swift */ = {isa = PBXFileReference; fileEncoding = 4; lastKnownFileType = sourcecode.swift; path = GlobalFunctions.swift; sourceTree = "<group>"; };
/* End PBXFileReference section */

/* Begin PBXFrameworksBuildPhase section */
		F81F77261F485910003EE0AB /* Frameworks */ = {
			isa = PBXFrameworksBuildPhase;
			buildActionMask = 2147483647;
			files = (
				9D2BE9698975DD799143C3D7 /* Pods_To_Do_List.framework in Frameworks */,
			);
			runOnlyForDeploymentPostprocessing = 0;
		};
/* End PBXFrameworksBuildPhase section */

/* Begin PBXGroup section */
		B44BD102D34E3B5C1174837B /* Frameworks */ = {
			isa = PBXGroup;
			children = (
				2ECE8CC1CA2BD415C7B7BD59 /* Pods_To_Do_List.framework */,
			);
			name = Frameworks;
			sourceTree = "<group>";
		};
		B99B35AB653D6F9BF1629882 /* Pods */ = {
			isa = PBXGroup;
			children = (
				2ED5FC5C71343D225049A3A5 /* Pods-To-Do-List.debug.xcconfig */,
				126D2A32749CD288DB475A6F /* Pods-To-Do-List.release.xcconfig */,
			);
			name = Pods;
			sourceTree = "<group>";
		};
		F81F77201F485910003EE0AB = {
			isa = PBXGroup;
			children = (
				F81F772B1F485910003EE0AB /* To-Do-List */,
				F81F772A1F485910003EE0AB /* Products */,
				B99B35AB653D6F9BF1629882 /* Pods */,
				B44BD102D34E3B5C1174837B /* Frameworks */,
			);
			sourceTree = "<group>";
		};
		F81F772A1F485910003EE0AB /* Products */ = {
			isa = PBXGroup;
			children = (
				F81F77291F485910003EE0AB /* To-Do-List.app */,
			);
			name = Products;
			sourceTree = "<group>";
		};
		F81F772B1F485910003EE0AB /* To-Do-List */ = {
			isa = PBXGroup;
			children = (
				F81F77451F485A16003EE0AB /* ApplicationLayer */,
				F81F77511F485AF0003EE0AB /* BusinessLayer */,
				F81F77521F485AF0003EE0AB /* Entity */,
				F81F77531F485AF0003EE0AB /* NetworkLayer */,
				F81F772E1F485910003EE0AB /* ViewController.swift */,
				F81F77331F485910003EE0AB /* Assets.xcassets */,
			);
			path = "To-Do-List";
			sourceTree = "<group>";
		};
		F81F77451F485A16003EE0AB /* ApplicationLayer */ = {
			isa = PBXGroup;
			children = (
				F891C6241F48BCA500453D41 /* AddToDoVC */,
				F891C6171F48619D00453D41 /* DoneVC */,
				F891C6181F48619D00453D41 /* PendingVC */,
				F81F77461F485A16003EE0AB /* AppDelegate */,
				F81F77471F485A16003EE0AB /* Storyboards */,
				F81F77481F485A16003EE0AB /* SupportingFiles */,
				F891C62C1F496E7800453D41 /* Utilities */,
			);
			path = ApplicationLayer;
			sourceTree = "<group>";
		};
		F81F77461F485A16003EE0AB /* AppDelegate */ = {
			isa = PBXGroup;
			children = (
				F81F77491F485A2E003EE0AB /* AppDelegate.swift */,
			);
			path = AppDelegate;
			sourceTree = "<group>";
		};
		F81F77471F485A16003EE0AB /* Storyboards */ = {
			isa = PBXGroup;
			children = (
				F81F774D1F485AA1003EE0AB /* LaunchScreen.storyboard */,
				F81F774E1F485AA1003EE0AB /* Main.storyboard */,
			);
			path = Storyboards;
			sourceTree = "<group>";
		};
		F81F77481F485A16003EE0AB /* SupportingFiles */ = {
			isa = PBXGroup;
			children = (
				F81F774B1F485A78003EE0AB /* Info.plist */,
				F891C61E1F48779500453D41 /* To-Do-List-Bridging-Header.h */,
			);
			path = SupportingFiles;
			sourceTree = "<group>";
		};
		F81F77511F485AF0003EE0AB /* BusinessLayer */ = {
			isa = PBXGroup;
			children = (
			);
			path = BusinessLayer;
			sourceTree = "<group>";
		};
		F81F77521F485AF0003EE0AB /* Entity */ = {
			isa = PBXGroup;
			children = (
				F891C6271F4940B400453D41 /* Task.swift */,
			);
			path = Entity;
			sourceTree = "<group>";
		};
		F81F77531F485AF0003EE0AB /* NetworkLayer */ = {
			isa = PBXGroup;
			children = (
			);
			path = NetworkLayer;
			sourceTree = "<group>";
		};
		F891C6171F48619D00453D41 /* DoneVC */ = {
			isa = PBXGroup;
			children = (
				F891C6191F4861E600453D41 /* DoneVC.swift */,
			);
			path = DoneVC;
			sourceTree = "<group>";
		};
		F891C6181F48619D00453D41 /* PendingVC */ = {
			isa = PBXGroup;
			children = (
				F891C61B1F48620400453D41 /* PendingVC.swift */,
			);
			path = PendingVC;
			sourceTree = "<group>";
		};
		F891C6241F48BCA500453D41 /* AddToDoVC */ = {
			isa = PBXGroup;
			children = (
				F891C6251F48BCB900453D41 /* AddToDoVC.swift */,
			);
			path = AddToDoVC;
			sourceTree = "<group>";
		};
		F891C62C1F496E7800453D41 /* Utilities */ = {
			isa = PBXGroup;
			children = (
				F891C62D1F496E8700453D41 /* Colors.swift */,
				F891C62F1F49869500453D41 /* Extensions.swift */,
				F891C6311F49AAF200453D41 /* GlobalFunctions.swift */,
			);
			path = Utilities;
			sourceTree = "<group>";
		};
/* End PBXGroup section */

/* Begin PBXNativeTarget section */
		F81F77281F485910003EE0AB /* To-Do-List */ = {
			isa = PBXNativeTarget;
			buildConfigurationList = F81F773B1F485910003EE0AB /* Build configuration list for PBXNativeTarget "To-Do-List" */;
			buildPhases = (
				8EF0C88D3085D2F17AD17CCB /* [CP] Check Pods Manifest.lock */,
				F81F77251F485910003EE0AB /* Sources */,
				F81F77261F485910003EE0AB /* Frameworks */,
				F81F77271F485910003EE0AB /* Resources */,
				48C1EF7D4D69E7C3C3D2C92B /* [CP] Embed Pods Frameworks */,
				FD58837F3087FE03104C7ADE /* [CP] Copy Pods Resources */,
			);
			buildRules = (
			);
			dependencies = (
			);
			name = "To-Do-List";
			productName = "To-Do-List";
			productReference = F81F77291F485910003EE0AB /* To-Do-List.app */;
			productType = "com.apple.product-type.application";
		};
/* End PBXNativeTarget section */

/* Begin PBXProject section */
		F81F77211F485910003EE0AB /* Project object */ = {
			isa = PBXProject;
			attributes = {
				LastSwiftUpdateCheck = 0830;
				LastUpgradeCheck = 0830;
				ORGANIZATIONNAME = Harshal;
				TargetAttributes = {
					F81F77281F485910003EE0AB = {
						CreatedOnToolsVersion = 8.3.3;
						LastSwiftMigration = 0830;
						ProvisioningStyle = Automatic;
					};
				};
			};
			buildConfigurationList = F81F77241F485910003EE0AB /* Build configuration list for PBXProject "To-Do-List" */;
			compatibilityVersion = "Xcode 3.2";
			developmentRegion = English;
			hasScannedForEncodings = 0;
			knownRegions = (
				en,
				Base,
			);
			mainGroup = F81F77201F485910003EE0AB;
			productRefGroup = F81F772A1F485910003EE0AB /* Products */;
			projectDirPath = "";
			projectRoot = "";
			targets = (
				F81F77281F485910003EE0AB /* To-Do-List */,
			);
		};
/* End PBXProject section */

/* Begin PBXResourcesBuildPhase section */
		F81F77271F485910003EE0AB /* Resources */ = {
			isa = PBXResourcesBuildPhase;
			buildActionMask = 2147483647;
			files = (
				F81F774F1F485AA1003EE0AB /* LaunchScreen.storyboard in Resources */,
				F81F774C1F485A78003EE0AB /* Info.plist in Resources */,
				F81F77341F485910003EE0AB /* Assets.xcassets in Resources */,
				F81F77501F485AA1003EE0AB /* Main.storyboard in Resources */,
			);
			runOnlyForDeploymentPostprocessing = 0;
		};
/* End PBXResourcesBuildPhase section */

/* Begin PBXShellScriptBuildPhase section */
		48C1EF7D4D69E7C3C3D2C92B /* [CP] Embed Pods Frameworks */ = {
			isa = PBXShellScriptBuildPhase;
			buildActionMask = 2147483647;
			files = (
			);
			inputPaths = (
				"${SRCROOT}/Pods/Target Support Files/Pods-To-Do-List/Pods-To-Do-List-frameworks.sh",
				"${BUILT_PRODUCTS_DIR}/DZNEmptyDataSet/DZNEmptyDataSet.framework",
				"${BUILT_PRODUCTS_DIR}/Realm/Realm.framework",
				"${BUILT_PRODUCTS_DIR}/RealmSwift/RealmSwift.framework",
			);
			name = "[CP] Embed Pods Frameworks";
			outputPaths = (
				"${TARGET_BUILD_DIR}/${FRAMEWORKS_FOLDER_PATH}/DZNEmptyDataSet.framework",
				"${TARGET_BUILD_DIR}/${FRAMEWORKS_FOLDER_PATH}/Realm.framework",
				"${TARGET_BUILD_DIR}/${FRAMEWORKS_FOLDER_PATH}/RealmSwift.framework",
			);
			runOnlyForDeploymentPostprocessing = 0;
			shellPath = /bin/sh;
			shellScript = "\"${SRCROOT}/Pods/Target Support Files/Pods-To-Do-List/Pods-To-Do-List-frameworks.sh\"\n";
			showEnvVarsInLog = 0;
		};
		8EF0C88D3085D2F17AD17CCB /* [CP] Check Pods Manifest.lock */ = {
			isa = PBXShellScriptBuildPhase;
			buildActionMask = 2147483647;
			files = (
			);
			inputPaths = (
				"${PODS_PODFILE_DIR_PATH}/Podfile.lock",
				"${PODS_ROOT}/Manifest.lock",
			);
			name = "[CP] Check Pods Manifest.lock";
			outputPaths = (
				"$(DERIVED_FILE_DIR)/Pods-To-Do-List-checkManifestLockResult.txt",
			);
			runOnlyForDeploymentPostprocessing = 0;
			shellPath = /bin/sh;
			shellScript = "diff \"${PODS_PODFILE_DIR_PATH}/Podfile.lock\" \"${PODS_ROOT}/Manifest.lock\" > /dev/null\nif [ $? != 0 ] ; then\n    # print error to STDERR\n    echo \"error: The sandbox is not in sync with the Podfile.lock. Run 'pod install' or update your CocoaPods installation.\" >&2\n    exit 1\nfi\n# This output is used by Xcode 'outputs' to avoid re-running this script phase.\necho \"SUCCESS\" > \"${SCRIPT_OUTPUT_FILE_0}\"\n";
			showEnvVarsInLog = 0;
		};
		FD58837F3087FE03104C7ADE /* [CP] Copy Pods Resources */ = {
			isa = PBXShellScriptBuildPhase;
			buildActionMask = 2147483647;
			files = (
			);
			inputPaths = (
			);
			name = "[CP] Copy Pods Resources";
			outputPaths = (
			);
			runOnlyForDeploymentPostprocessing = 0;
			shellPath = /bin/sh;
			shellScript = "\"${SRCROOT}/Pods/Target Support Files/Pods-To-Do-List/Pods-To-Do-List-resources.sh\"\n";
			showEnvVarsInLog = 0;
		};
/* End PBXShellScriptBuildPhase section */

/* Begin PBXSourcesBuildPhase section */
		F81F77251F485910003EE0AB /* Sources */ = {
			isa = PBXSourcesBuildPhase;
			buildActionMask = 2147483647;
			files = (
				F891C61C1F48620400453D41 /* PendingVC.swift in Sources */,
				F891C6261F48BCB900453D41 /* AddToDoVC.swift in Sources */,
				F891C61A1F4861E600453D41 /* DoneVC.swift in Sources */,
				F891C6301F49869500453D41 /* Extensions.swift in Sources */,
				F891C62E1F496E8700453D41 /* Colors.swift in Sources */,
				F81F774A1F485A2E003EE0AB /* AppDelegate.swift in Sources */,
				F891C6281F4940B400453D41 /* Task.swift in Sources */,
				F81F772F1F485910003EE0AB /* ViewController.swift in Sources */,
				F891C6321F49AAF200453D41 /* GlobalFunctions.swift in Sources */,
			);
			runOnlyForDeploymentPostprocessing = 0;
		};
/* End PBXSourcesBuildPhase section */

/* Begin XCBuildConfiguration section */
		F81F77391F485910003EE0AB /* Debug */ = {
			isa = XCBuildConfiguration;
			buildSettings = {
				ALWAYS_SEARCH_USER_PATHS = NO;
				CLANG_ANALYZER_NONNULL = YES;
				CLANG_ANALYZER_NUMBER_OBJECT_CONVERSION = YES_AGGRESSIVE;
				CLANG_CXX_LANGUAGE_STANDARD = "gnu++0x";
				CLANG_CXX_LIBRARY = "libc++";
				CLANG_ENABLE_MODULES = YES;
				CLANG_ENABLE_OBJC_ARC = YES;
				CLANG_WARN_BOOL_CONVERSION = YES;
				CLANG_WARN_CONSTANT_CONVERSION = YES;
				CLANG_WARN_DIRECT_OBJC_ISA_USAGE = YES_ERROR;
				CLANG_WARN_DOCUMENTATION_COMMENTS = YES;
				CLANG_WARN_EMPTY_BODY = YES;
				CLANG_WARN_ENUM_CONVERSION = YES;
				CLANG_WARN_INFINITE_RECURSION = YES;
				CLANG_WARN_INT_CONVERSION = YES;
				CLANG_WARN_OBJC_ROOT_CLASS = YES_ERROR;
				CLANG_WARN_SUSPICIOUS_MOVE = YES;
				CLANG_WARN_UNREACHABLE_CODE = YES;
				CLANG_WARN__DUPLICATE_METHOD_MATCH = YES;
				"CODE_SIGN_IDENTITY[sdk=iphoneos*]" = "iPhone Developer";
				COPY_PHASE_STRIP = NO;
				DEBUG_INFORMATION_FORMAT = dwarf;
				ENABLE_STRICT_OBJC_MSGSEND = YES;
				ENABLE_TESTABILITY = YES;
				GCC_C_LANGUAGE_STANDARD = gnu99;
				GCC_DYNAMIC_NO_PIC = NO;
				GCC_NO_COMMON_BLOCKS = YES;
				GCC_OPTIMIZATION_LEVEL = 0;
				GCC_PREPROCESSOR_DEFINITIONS = (
					"DEBUG=1",
					"$(inherited)",
				);
				GCC_WARN_64_TO_32_BIT_CONVERSION = YES;
				GCC_WARN_ABOUT_RETURN_TYPE = YES_ERROR;
				GCC_WARN_UNDECLARED_SELECTOR = YES;
				GCC_WARN_UNINITIALIZED_AUTOS = YES_AGGRESSIVE;
				GCC_WARN_UNUSED_FUNCTION = YES;
				GCC_WARN_UNUSED_VARIABLE = YES;
				IPHONEOS_DEPLOYMENT_TARGET = 9.0;
				MTL_ENABLE_DEBUG_INFO = YES;
				ONLY_ACTIVE_ARCH = YES;
				SDKROOT = iphoneos;
				SWIFT_ACTIVE_COMPILATION_CONDITIONS = DEBUG;
				SWIFT_OPTIMIZATION_LEVEL = "-Onone";
				TARGETED_DEVICE_FAMILY = "1,2";
			};
			name = Debug;
		};
		F81F773A1F485910003EE0AB /* Release */ = {
			isa = XCBuildConfiguration;
			buildSettings = {
				ALWAYS_SEARCH_USER_PATHS = NO;
				CLANG_ANALYZER_NONNULL = YES;
				CLANG_ANALYZER_NUMBER_OBJECT_CONVERSION = YES_AGGRESSIVE;
				CLANG_CXX_LANGUAGE_STANDARD = "gnu++0x";
				CLANG_CXX_LIBRARY = "libc++";
				CLANG_ENABLE_MODULES = YES;
				CLANG_ENABLE_OBJC_ARC = YES;
				CLANG_WARN_BOOL_CONVERSION = YES;
				CLANG_WARN_CONSTANT_CONVERSION = YES;
				CLANG_WARN_DIRECT_OBJC_ISA_USAGE = YES_ERROR;
				CLANG_WARN_DOCUMENTATION_COMMENTS = YES;
				CLANG_WARN_EMPTY_BODY = YES;
				CLANG_WARN_ENUM_CONVERSION = YES;
				CLANG_WARN_INFINITE_RECURSION = YES;
				CLANG_WARN_INT_CONVERSION = YES;
				CLANG_WARN_OBJC_ROOT_CLASS = YES_ERROR;
				CLANG_WARN_SUSPICIOUS_MOVE = YES;
				CLANG_WARN_UNREACHABLE_CODE = YES;
				CLANG_WARN__DUPLICATE_METHOD_MATCH = YES;
				"CODE_SIGN_IDENTITY[sdk=iphoneos*]" = "iPhone Developer";
				COPY_PHASE_STRIP = NO;
				DEBUG_INFORMATION_FORMAT = "dwarf-with-dsym";
				ENABLE_NS_ASSERTIONS = NO;
				ENABLE_STRICT_OBJC_MSGSEND = YES;
				GCC_C_LANGUAGE_STANDARD = gnu99;
				GCC_NO_COMMON_BLOCKS = YES;
				GCC_WARN_64_TO_32_BIT_CONVERSION = YES;
				GCC_WARN_ABOUT_RETURN_TYPE = YES_ERROR;
				GCC_WARN_UNDECLARED_SELECTOR = YES;
				GCC_WARN_UNINITIALIZED_AUTOS = YES_AGGRESSIVE;
				GCC_WARN_UNUSED_FUNCTION = YES;
				GCC_WARN_UNUSED_VARIABLE = YES;
				IPHONEOS_DEPLOYMENT_TARGET = 9.0;
				MTL_ENABLE_DEBUG_INFO = NO;
				SDKROOT = iphoneos;
				SWIFT_OPTIMIZATION_LEVEL = "-Owholemodule";
				TARGETED_DEVICE_FAMILY = "1,2";
				VALIDATE_PRODUCT = YES;
			};
			name = Release;
		};
		F81F773C1F485910003EE0AB /* Debug */ = {
			isa = XCBuildConfiguration;
			baseConfigurationReference = 2ED5FC5C71343D225049A3A5 /* Pods-To-Do-List.debug.xcconfig */;
			buildSettings = {
				ASSETCATALOG_COMPILER_APPICON_NAME = AppIcon;
				CLANG_ENABLE_MODULES = YES;
				INFOPLIST_FILE = "$(SRCROOT)/To-Do-List/ApplicationLayer/SupportingFiles/Info.plist";
				LD_RUNPATH_SEARCH_PATHS = "$(inherited) @executable_path/Frameworks";
				PRODUCT_BUNDLE_IDENTIFIER = "com.harshal.To-Do-List";
				PRODUCT_NAME = "$(TARGET_NAME)";
				SWIFT_OBJC_BRIDGING_HEADER = "To-Do-List/ApplicationLayer/SupportingFiles/To-Do-List-Bridging-Header.h";
				SWIFT_OPTIMIZATION_LEVEL = "-Onone";
				SWIFT_VERSION = 3.0;
			};
			name = Debug;
		};
		F81F773D1F485910003EE0AB /* Release */ = {
			isa = XCBuildConfiguration;
			baseConfigurationReference = 126D2A32749CD288DB475A6F /* Pods-To-Do-List.release.xcconfig */;
			buildSettings = {
				ASSETCATALOG_COMPILER_APPICON_NAME = AppIcon;
				CLANG_ENABLE_MODULES = YES;
				INFOPLIST_FILE = "$(SRCROOT)/To-Do-List/ApplicationLayer/SupportingFiles/Info.plist";
				LD_RUNPATH_SEARCH_PATHS = "$(inherited) @executable_path/Frameworks";
				PRODUCT_BUNDLE_IDENTIFIER = "com.harshal.To-Do-List";
				PRODUCT_NAME = "$(TARGET_NAME)";
				SWIFT_OBJC_BRIDGING_HEADER = "To-Do-List/ApplicationLayer/SupportingFiles/To-Do-List-Bridging-Header.h";
				SWIFT_VERSION = 3.0;
			};
			name = Release;
		};
/* End XCBuildConfiguration section */

/* Begin XCConfigurationList section */
		F81F77241F485910003EE0AB /* Build configuration list for PBXProject "To-Do-List" */ = {
			isa = XCConfigurationList;
			buildConfigurations = (
				F81F77391F485910003EE0AB /* Debug */,
				F81F773A1F485910003EE0AB /* Release */,
			);
			defaultConfigurationIsVisible = 0;
			defaultConfigurationName = Release;
		};
		F81F773B1F485910003EE0AB /* Build configuration list for PBXNativeTarget "To-Do-List" */ = {
			isa = XCConfigurationList;
			buildConfigurations = (
				F81F773C1F485910003EE0AB /* Debug */,
				F81F773D1F485910003EE0AB /* Release */,
			);
			defaultConfigurationIsVisible = 0;
			defaultConfigurationName = Release;
		};
/* End XCConfigurationList section */
	};
	rootObject = F81F77211F485910003EE0AB /* Project object */;
}
